// !$*UTF8*$!
{
	archiveVersion = 1;
	classes = {
	};
	objectVersion = 46;
	objects = {

/* Begin PBXBuildFile section */
		D220C55C1CF1508900D0566E /* AppDelegate.swift in Sources */ = {isa = PBXBuildFile; fileRef = D220C55B1CF1508900D0566E /* AppDelegate.swift */; };
		D220C55E1CF1508900D0566E /* ViewController.swift in Sources */ = {isa = PBXBuildFile; fileRef = D220C55D1CF1508900D0566E /* ViewController.swift */; };
		D220C5611CF1508900D0566E /* Main.storyboard in Resources */ = {isa = PBXBuildFile; fileRef = D220C55F1CF1508900D0566E /* Main.storyboard */; };
		D220C5631CF1508900D0566E /* Assets.xcassets in Resources */ = {isa = PBXBuildFile; fileRef = D220C5621CF1508900D0566E /* Assets.xcassets */; };
		D220C5661CF1508900D0566E /* LaunchScreen.storyboard in Resources */ = {isa = PBXBuildFile; fileRef = D220C5641CF1508900D0566E /* LaunchScreen.storyboard */; };
		D220C5711CF1508A00D0566E /* CalculatoooorTests.swift in Sources */ = {isa = PBXBuildFile; fileRef = D220C5701CF1508A00D0566E /* CalculatoooorTests.swift */; };
		D220C57C1CF1508A00D0566E /* CalculatoooorUITests.swift in Sources */ = {isa = PBXBuildFile; fileRef = D220C57B1CF1508A00D0566E /* CalculatoooorUITests.swift */; };
/* End PBXBuildFile section */

/* Begin PBXContainerItemProxy section */
		D220C56D1CF1508A00D0566E /* PBXContainerItemProxy */ = {
			isa = PBXContainerItemProxy;
			containerPortal = D220C5501CF1508900D0566E /* Project object */;
			proxyType = 1;
			remoteGlobalIDString = D220C5571CF1508900D0566E;
			remoteInfo = Calculatoooor;
		};
		D220C5781CF1508A00D0566E /* PBXContainerItemProxy */ = {
			isa = PBXContainerItemProxy;
			containerPortal = D220C5501CF1508900D0566E /* Project object */;
			proxyType = 1;
			remoteGlobalIDString = D220C5571CF1508900D0566E;
			remoteInfo = Calculatoooor;
		};
/* End PBXContainerItemProxy section */

/* Begin PBXFileReference section */
		D220C5581CF1508900D0566E /* Calculatoooor.app */ = {isa = PBXFileReference; explicitFileType = wrapper.application; includeInIndex = 0; path = Calculatoooor.app; sourceTree = BUILT_PRODUCTS_DIR; };
		D220C55B1CF1508900D0566E /* AppDelegate.swift */ = {isa = PBXFileReference; lastKnownFileType = sourcecode.swift; path = AppDelegate.swift; sourceTree = "<group>"; };
		D220C55D1CF1508900D0566E /* ViewController.swift */ = {isa = PBXFileReference; lastKnownFileType = sourcecode.swift; path = ViewController.swift; sourceTree = "<group>"; };
		D220C5601CF1508900D0566E /* Base */ = {isa = PBXFileReference; lastKnownFileType = file.storyboard; name = Base; path = Base.lproj/Main.storyboard; sourceTree = "<group>"; };
		D220C5621CF1508900D0566E /* Assets.xcassets */ = {isa = PBXFileReference; lastKnownFileType = folder.assetcatalog; path = Assets.xcassets; sourceTree = "<group>"; };
		D220C5651CF1508900D0566E /* Base */ = {isa = PBXFileReference; lastKnownFileType = file.storyboard; name = Base; path = Base.lproj/LaunchScreen.storyboard; sourceTree = "<group>"; };
		D220C5671CF1508900D0566E /* Info.plist */ = {isa = PBXFileReference; lastKnownFileType = text.plist.xml; path = Info.plist; sourceTree = "<group>"; };
		D220C56C1CF1508A00D0566E /* CalculatoooorTests.xctest */ = {isa = PBXFileReference; explicitFileType = wrapper.cfbundle; includeInIndex = 0; path = CalculatoooorTests.xctest; sourceTree = BUILT_PRODUCTS_DIR; };
		D220C5701CF1508A00D0566E /* CalculatoooorTests.swift */ = {isa = PBXFileReference; lastKnownFileType = sourcecode.swift; path = CalculatoooorTests.swift; sourceTree = "<group>"; };
		D220C5721CF1508A00D0566E /* Info.plist */ = {isa = PBXFileReference; lastKnownFileType = text.plist.xml; path = Info.plist; sourceTree = "<group>"; };
		D220C5771CF1508A00D0566E /* CalculatoooorUITests.xctest */ = {isa = PBXFileReference; explicitFileType = wrapper.cfbundle; includeInIndex = 0; path = CalculatoooorUITests.xctest; sourceTree = BUILT_PRODUCTS_DIR; };
		D220C57B1CF1508A00D0566E /* CalculatoooorUITests.swift */ = {isa = PBXFileReference; lastKnownFileType = sourcecode.swift; path = CalculatoooorUITests.swift; sourceTree = "<group>"; };
		D220C57D1CF1508A00D0566E /* Info.plist */ = {isa = PBXFileReference; lastKnownFileType = text.plist.xml; path = Info.plist; sourceTree = "<group>"; };
/* End PBXFileReference section */

/* Begin PBXFrameworksBuildPhase section */
		D220C5551CF1508900D0566E /* Frameworks */ = {
			isa = PBXFrameworksBuildPhase;
			buildActionMask = 2147483647;
			files = (
			);
			runOnlyForDeploymentPostprocessing = 0;
		};
		D220C5691CF1508A00D0566E /* Frameworks */ = {
			isa = PBXFrameworksBuildPhase;
			buildActionMask = 2147483647;
			files = (
			);
			runOnlyForDeploymentPostprocessing = 0;
		};
		D220C5741CF1508A00D0566E /* Frameworks */ = {
			isa = PBXFrameworksBuildPhase;
			buildActionMask = 2147483647;
			files = (
			);
			runOnlyForDeploymentPostprocessing = 0;
		};
/* End PBXFrameworksBuildPhase section */

/* Begin PBXGroup section */
		D220C54F1CF1508900D0566E = {
			isa = PBXGroup;
			children = (
				D220C55A1CF1508900D0566E /* Calculatoooor */,
				D220C56F1CF1508A00D0566E /* CalculatoooorTests */,
				D220C57A1CF1508A00D0566E /* CalculatoooorUITests */,
				D220C5591CF1508900D0566E /* Products */,
			);
			sourceTree = "<group>";
		};
		D220C5591CF1508900D0566E /* Products */ = {
			isa = PBXGroup;
			children = (
				D220C5581CF1508900D0566E /* Calculatoooor.app */,
				D220C56C1CF1508A00D0566E /* CalculatoooorTests.xctest */,
				D220C5771CF1508A00D0566E /* CalculatoooorUITests.xctest */,
			);
			name = Products;
			sourceTree = "<group>";
		};
		D220C55A1CF1508900D0566E /* Calculatoooor */ = {
			isa = PBXGroup;
			children = (
				D220C55B1CF1508900D0566E /* AppDelegate.swift */,
				D220C55D1CF1508900D0566E /* ViewController.swift */,
				D220C55F1CF1508900D0566E /* Main.storyboard */,
				D220C5621CF1508900D0566E /* Assets.xcassets */,
				D220C5641CF1508900D0566E /* LaunchScreen.storyboard */,
				D220C5671CF1508900D0566E /* Info.plist */,
			);
			path = Calculatoooor;
			sourceTree = "<group>";
		};
		D220C56F1CF1508A00D0566E /* CalculatoooorTests */ = {
			isa = PBXGroup;
			children = (
				D220C5701CF1508A00D0566E /* CalculatoooorTests.swift */,
				D220C5721CF1508A00D0566E /* Info.plist */,
			);
			path = CalculatoooorTests;
			sourceTree = "<group>";
		};
		D220C57A1CF1508A00D0566E /* CalculatoooorUITests */ = {
			isa = PBXGroup;
			children = (
				D220C57B1CF1508A00D0566E /* CalculatoooorUITests.swift */,
				D220C57D1CF1508A00D0566E /* Info.plist */,
			);
			path = CalculatoooorUITests;
			sourceTree = "<group>";
		};
/* End PBXGroup section */

/* Begin PBXNativeTarget section */
		D220C5571CF1508900D0566E /* Calculatoooor */ = {
			isa = PBXNativeTarget;
			buildConfigurationList = D220C5801CF1508A00D0566E /* Build configuration list for PBXNativeTarget "Calculatoooor" */;
			buildPhases = (
				D220C5541CF1508900D0566E /* Sources */,
				D220C5551CF1508900D0566E /* Frameworks */,
				D220C5561CF1508900D0566E /* Resources */,
			);
			buildRules = (
			);
			dependencies = (
			);
			name = Calculatoooor;
			productName = Calculatoooor;
			productReference = D220C5581CF1508900D0566E /* Calculatoooor.app */;
			productType = "com.apple.product-type.application";
		};
		D220C56B1CF1508A00D0566E /* CalculatoooorTests */ = {
			isa = PBXNativeTarget;
			buildConfigurationList = D220C5831CF1508A00D0566E /* Build configuration list for PBXNativeTarget "CalculatoooorTests" */;
			buildPhases = (
				D220C5681CF1508A00D0566E /* Sources */,
				D220C5691CF1508A00D0566E /* Frameworks */,
				D220C56A1CF1508A00D0566E /* Resources */,
			);
			buildRules = (
			);
			dependencies = (
				D220C56E1CF1508A00D0566E /* PBXTargetDependency */,
			);
			name = CalculatoooorTests;
			productName = CalculatoooorTests;
			productReference = D220C56C1CF1508A00D0566E /* CalculatoooorTests.xctest */;
			productType = "com.apple.product-type.bundle.unit-test";
		};
		D220C5761CF1508A00D0566E /* CalculatoooorUITests */ = {
			isa = PBXNativeTarget;
			buildConfigurationList = D220C5861CF1508A00D0566E /* Build configuration list for PBXNativeTarget "CalculatoooorUITests" */;
			buildPhases = (
				D220C5731CF1508A00D0566E /* Sources */,
				D220C5741CF1508A00D0566E /* Frameworks */,
				D220C5751CF1508A00D0566E /* Resources */,
			);
			buildRules = (
			);
			dependencies = (
				D220C5791CF1508A00D0566E /* PBXTargetDependency */,
			);
			name = CalculatoooorUITests;
			productName = CalculatoooorUITests;
			productReference = D220C5771CF1508A00D0566E /* CalculatoooorUITests.xctest */;
			productType = "com.apple.product-type.bundle.ui-testing";
		};
/* End PBXNativeTarget section */

/* Begin PBXProject section */
		D220C5501CF1508900D0566E /* Project object */ = {
			isa = PBXProject;
			attributes = {
				LastSwiftUpdateCheck = 0730;
				LastUpgradeCheck = 0730;
				ORGANIZATIONNAME = "Darlene Phan";
				TargetAttributes = {
					D220C5571CF1508900D0566E = {
						CreatedOnToolsVersion = 7.3;
						DevelopmentTeam = HVPTA8AYL9;
					};
					D220C56B1CF1508A00D0566E = {
						CreatedOnToolsVersion = 7.3;
						DevelopmentTeam = HVPTA8AYL9;
						TestTargetID = D220C5571CF1508900D0566E;
					};
					D220C5761CF1508A00D0566E = {
						CreatedOnToolsVersion = 7.3;
						DevelopmentTeam = HVPTA8AYL9;
						TestTargetID = D220C5571CF1508900D0566E;
					};
				};
			};
			buildConfigurationList = D220C5531CF1508900D0566E /* Build configuration list for PBXProject "Calculatoooor" */;
			compatibilityVersion = "Xcode 3.2";
			developmentRegion = English;
			hasScannedForEncodings = 0;
			knownRegions = (
				en,
				Base,
			);
			mainGroup = D220C54F1CF1508900D0566E;
			productRefGroup = D220C5591CF1508900D0566E /* Products */;
			projectDirPath = "";
			projectRoot = "";
			targets = (
				D220C5571CF1508900D0566E /* Calculatoooor */,
				D220C56B1CF1508A00D0566E /* CalculatoooorTests */,
				D220C5761CF1508A00D0566E /* CalculatoooorUITests */,
			);
		};
/* End PBXProject section */

/* Begin PBXResourcesBuildPhase section */
		D220C5561CF1508900D0566E /* Resources */ = {
			isa = PBXResourcesBuildPhase;
			buildActionMask = 2147483647;
			files = (
				D220C5661CF1508900D0566E /* LaunchScreen.storyboard in Resources */,
				D220C5631CF1508900D0566E /* Assets.xcassets in Resources */,
				D220C5611CF1508900D0566E /* Main.storyboard in Resources */,
			);
			runOnlyForDeploymentPostprocessing = 0;
		};
		D220C56A1CF1508A00D0566E /* Resources */ = {
			isa = PBXResourcesBuildPhase;
			buildActionMask = 2147483647;
			files = (
			);
			runOnlyForDeploymentPostprocessing = 0;
		};
		D220C5751CF1508A00D0566E /* Resources */ = {
			isa = PBXResourcesBuildPhase;
			buildActionMask = 2147483647;
			files = (
			);
			runOnlyForDeploymentPostprocessing = 0;
		};
/* End PBXResourcesBuildPhase section */

/* Begin PBXSourcesBuildPhase section */
		D220C5541CF1508900D0566E /* Sources */ = {
			isa = PBXSourcesBuildPhase;
			buildActionMask = 2147483647;
			files = (
				D220C55E1CF1508900D0566E /* ViewController.swift in Sources */,
				D220C55C1CF1508900D0566E /* AppDelegate.swift in Sources */,
			);
			runOnlyForDeploymentPostprocessing = 0;
		};
		D220C5681CF1508A00D0566E /* Sources */ = {
			isa = PBXSourcesBuildPhase;
			buildActionMask = 2147483647;
			files = (
				D220C5711CF1508A00D0566E /* CalculatoooorTests.swift in Sources */,
			);
			runOnlyForDeploymentPostprocessing = 0;
		};
		D220C5731CF1508A00D0566E /* Sources */ = {
			isa = PBXSourcesBuildPhase;
			buildActionMask = 2147483647;
			files = (
				D220C57C1CF1508A00D0566E /* CalculatoooorUITests.swift in Sources */,
			);
			runOnlyForDeploymentPostprocessing = 0;
		};
/* End PBXSourcesBuildPhase section */

/* Begin PBXTargetDependency section */
		D220C56E1CF1508A00D0566E /* PBXTargetDependency */ = {
			isa = PBXTargetDependency;
			target = D220C5571CF1508900D0566E /* Calculatoooor */;
			targetProxy = D220C56D1CF1508A00D0566E /* PBXContainerItemProxy */;
		};
		D220C5791CF1508A00D0566E /* PBXTargetDependency */ = {
			isa = PBXTargetDependency;
			target = D220C5571CF1508900D0566E /* Calculatoooor */;
			targetProxy = D220C5781CF1508A00D0566E /* PBXContainerItemProxy */;
		};
/* End PBXTargetDependency section */

/* Begin PBXVariantGroup section */
		D220C55F1CF1508900D0566E /* Main.storyboard */ = {
			isa = PBXVariantGroup;
			children = (
				D220C5601CF1508900D0566E /* Base */,
			);
			name = Main.storyboard;
			sourceTree = "<group>";
		};
		D220C5641CF1508900D0566E /* LaunchScreen.storyboard */ = {
			isa = PBXVariantGroup;
			children = (
				D220C5651CF1508900D0566E /* Base */,
			);
			name = LaunchScreen.storyboard;
			sourceTree = "<group>";
		};
/* End PBXVariantGroup section */

/* Begin XCBuildConfiguration section */
		D220C57E1CF1508A00D0566E /* Debug */ = {
			isa = XCBuildConfiguration;
			buildSettings = {
				ALWAYS_SEARCH_USER_PATHS = NO;
				CLANG_ANALYZER_NONNULL = YES;
				CLANG_CXX_LANGUAGE_STANDARD = "gnu++0x";
				CLANG_CXX_LIBRARY = "libc++";
				CLANG_ENABLE_MODULES = YES;
				CLANG_ENABLE_OBJC_ARC = YES;
				CLANG_WARN_BOOL_CONVERSION = YES;
				CLANG_WARN_CONSTANT_CONVERSION = YES;
				CLANG_WARN_DIRECT_OBJC_ISA_USAGE = YES_ERROR;
				CLANG_WARN_EMPTY_BODY = YES;
				CLANG_WARN_ENUM_CONVERSION = YES;
				CLANG_WARN_INT_CONVERSION = YES;
				CLANG_WARN_OBJC_ROOT_CLASS = YES_ERROR;
				CLANG_WARN_UNREACHABLE_CODE = YES;
				CLANG_WARN__DUPLICATE_METHOD_MATCH = YES;
				"CODE_SIGN_IDENTITY[sdk=iphoneos*]" = "iPhone Developer";
				COPY_PHASE_STRIP = NO;
				DEBUG_INFORMATION_FORMAT = dwarf;
				ENABLE_STRICT_OBJC_MSGSEND = YES;
				ENABLE_TESTABILITY = YES;
				GCC_C_LANGUAGE_STANDARD = gnu99;
				GCC_DYNAMIC_NO_PIC = NO;
				GCC_NO_COMMON_BLOCKS = YES;
				GCC_OPTIMIZATION_LEVEL = 0;
				GCC_PREPROCESSOR_DEFINITIONS = (
					"DEBUG=1",
					"$(inherited)",
				);
				GCC_WARN_64_TO_32_BIT_CONVERSION = YES;
				GCC_WARN_ABOUT_RETURN_TYPE = YES_ERROR;
				GCC_WARN_UNDECLARED_SELECTOR = YES;
				GCC_WARN_UNINITIALIZED_AUTOS = YES_AGGRESSIVE;
				GCC_WARN_UNUSED_FUNCTION = YES;
				GCC_WARN_UNUSED_VARIABLE = YES;
				IPHONEOS_DEPLOYMENT_TARGET = 9.3;
				MTL_ENABLE_DEBUG_INFO = YES;
				ONLY_ACTIVE_ARCH = YES;
				SDKROOT = iphoneos;
				SWIFT_OPTIMIZATION_LEVEL = "-Onone";
				TARGETED_DEVICE_FAMILY = "1,2";
			};
			name = Debug;
		};
		D220C57F1CF1508A00D0566E /* Release */ = {
			isa = XCBuildConfiguration;
			buildSettings = {
				ALWAYS_SEARCH_USER_PATHS = NO;
				CLANG_ANALYZER_NONNULL = YES;
				CLANG_CXX_LANGUAGE_STANDARD = "gnu++0x";
				CLANG_CXX_LIBRARY = "libc++";
				CLANG_ENABLE_MODULES = YES;
				CLANG_ENABLE_OBJC_ARC = YES;
				CLANG_WARN_BOOL_CONVERSION = YES;
				CLANG_WARN_CONSTANT_CONVERSION = YES;
				CLANG_WARN_DIRECT_OBJC_ISA_USAGE = YES_ERROR;
				CLANG_WARN_EMPTY_BODY = YES;
				CLANG_WARN_ENUM_CONVERSION = YES;
				CLANG_WARN_INT_CONVERSION = YES;
				CLANG_WARN_OBJC_ROOT_CLASS = YES_ERROR;
				CLANG_WARN_UNREACHABLE_CODE = YES;
				CLANG_WARN__DUPLICATE_METHOD_MATCH = YES;
				"CODE_SIGN_IDENTITY[sdk=iphoneos*]" = "iPhone Developer";
				COPY_PHASE_STRIP = NO;
				DEBUG_INFORMATION_FORMAT = "dwarf-with-dsym";
				ENABLE_NS_ASSERTIONS = NO;
				ENABLE_STRICT_OBJC_MSGSEND = YES;
				GCC_C_LANGUAGE_STANDARD = gnu99;
				GCC_NO_COMMON_BLOCKS = YES;
				GCC_WARN_64_TO_32_BIT_CONVERSION = YES;
				GCC_WARN_ABOUT_RETURN_TYPE = YES_ERROR;
				GCC_WARN_UNDECLARED_SELECTOR = YES;
				GCC_WARN_UNINITIALIZED_AUTOS = YES_AGGRESSIVE;
				GCC_WARN_UNUSED_FUNCTION = YES;
				GCC_WARN_UNUSED_VARIABLE = YES;
				IPHONEOS_DEPLOYMENT_TARGET = 9.3;
				MTL_ENABLE_DEBUG_INFO = NO;
				SDKROOT = iphoneos;
				TARGETED_DEVICE_FAMILY = "1,2";
				VALIDATE_PRODUCT = YES;
			};
			name = Release;
		};
		D220C5811CF1508A00D0566E /* Debug */ = {
			isa = XCBuildConfiguration;
			buildSettings = {
				ASSETCATALOG_COMPILER_APPICON_NAME = AppIcon;
				INFOPLIST_FILE = Calculatoooor/Info.plist;
				LD_RUNPATH_SEARCH_PATHS = "$(inherited) @executable_path/Frameworks";
				PRODUCT_BUNDLE_IDENTIFIER = com.thelemoncookie.Calculatoooor;
				PRODUCT_NAME = "$(TARGET_NAME)";
			};
			name = Debug;
		};
		D220C5821CF1508A00D0566E /* Release */ = {
			isa = XCBuildConfiguration;
			buildSettings = {
				ASSETCATALOG_COMPILER_APPICON_NAME = AppIcon;
				INFOPLIST_FILE = Calculatoooor/Info.plist;
				LD_RUNPATH_SEARCH_PATHS = "$(inherited) @executable_path/Frameworks";
				PRODUCT_BUNDLE_IDENTIFIER = com.thelemoncookie.Calculatoooor;
				PRODUCT_NAME = "$(TARGET_NAME)";
			};
			name = Release;
		};
		D220C5841CF1508A00D0566E /* Debug */ = {
			isa = XCBuildConfiguration;
			buildSettings = {
				BUNDLE_LOADER = "$(TEST_HOST)";
				INFOPLIST_FILE = CalculatoooorTests/Info.plist;
				LD_RUNPATH_SEARCH_PATHS = "$(inherited) @executable_path/Frameworks @loader_path/Frameworks";
				PRODUCT_BUNDLE_IDENTIFIER = com.thelemoncookie.CalculatoooorTests;
				PRODUCT_NAME = "$(TARGET_NAME)";
				TEST_HOST = "$(BUILT_PRODUCTS_DIR)/Calculatoooor.app/Calculatoooor";
			};
			name = Debug;
		};
		D220C5851CF1508A00D0566E /* Release */ = {
			isa = XCBuildConfiguration;
			buildSettings = {
				BUNDLE_LOADER = "$(TEST_HOST)";
				INFOPLIST_FILE = CalculatoooorTests/Info.plist;
				LD_RUNPATH_SEARCH_PATHS = "$(inherited) @executable_path/Frameworks @loader_path/Frameworks";
				PRODUCT_BUNDLE_IDENTIFIER = com.thelemoncookie.CalculatoooorTests;
				PRODUCT_NAME = "$(TARGET_NAME)";
				TEST_HOST = "$(BUILT_PRODUCTS_DIR)/Calculatoooor.app/Calculatoooor";
			};
			name = Release;
		};
		D220C5871CF1508A00D0566E /* Debug */ = {
			isa = XCBuildConfiguration;
			buildSettings = {
				INFOPLIST_FILE = CalculatoooorUITests/Info.plist;
				LD_RUNPATH_SEARCH_PATHS = "$(inherited) @executable_path/Frameworks @loader_path/Frameworks";
				PRODUCT_BUNDLE_IDENTIFIER = com.thelemoncookie.CalculatoooorUITests;
				PRODUCT_NAME = "$(TARGET_NAME)";
				TEST_TARGET_NAME = Calculatoooor;
			};
			name = Debug;
		};
		D220C5881CF1508A00D0566E /* Release */ = {
			isa = XCBuildConfiguration;
			buildSettings = {
				INFOPLIST_FILE = CalculatoooorUITests/Info.plist;
				LD_RUNPATH_SEARCH_PATHS = "$(inherited) @executable_path/Frameworks @loader_path/Frameworks";
				PRODUCT_BUNDLE_IDENTIFIER = com.thelemoncookie.CalculatoooorUITests;
				PRODUCT_NAME = "$(TARGET_NAME)";
				TEST_TARGET_NAME = Calculatoooor;
			};
			name = Release;
		};
/* End XCBuildConfiguration section */

/* Begin XCConfigurationList section */
		D220C5531CF1508900D0566E /* Build configuration list for PBXProject "Calculatoooor" */ = {
			isa = XCConfigurationList;
			buildConfigurations = (
				D220C57E1CF1508A00D0566E /* Debug */,
				D220C57F1CF1508A00D0566E /* Release */,
			);
			defaultConfigurationIsVisible = 0;
			defaultConfigurationName = Release;
		};
		D220C5801CF1508A00D0566E /* Build configuration list for PBXNativeTarget "Calculatoooor" */ = {
			isa = XCConfigurationList;
			buildConfigurations = (
				D220C5811CF1508A00D0566E /* Debug */,
				D220C5821CF1508A00D0566E /* Release */,
			);
			defaultConfigurationIsVisible = 0;
		};
		D220C5831CF1508A00D0566E /* Build configuration list for PBXNativeTarget "CalculatoooorTests" */ = {
			isa = XCConfigurationList;
			buildConfigurations = (
				D220C5841CF1508A00D0566E /* Debug */,
				D220C5851CF1508A00D0566E /* Release */,
			);
			defaultConfigurationIsVisible = 0;
		};
		D220C5861CF1508A00D0566E /* Build configuration list for PBXNativeTarget "CalculatoooorUITests" */ = {
			isa = XCConfigurationList;
			buildConfigurations = (
				D220C5871CF1508A00D0566E /* Debug */,
				D220C5881CF1508A00D0566E /* Release */,
			);
			defaultConfigurationIsVisible = 0;
		};
/* End XCConfigurationList section */
	};
	rootObject = D220C5501CF1508900D0566E /* Project object */;
}
